
Microsoft Visual Studio Solution File, Format Version 12.00
# Visual Studio Version 17
VisualStudioVersion = 17.8.34330.188
MinimumVisualStudioVersion = 10.0.40219.1
Project("{FAE04EC0-301F-11D3-BF4B-00C04F79EFBC}") = "Week1Lab", "Week1Lab\Week1Lab.csproj", "{845A1A12-68A0-4F04-926B-90A11E174261}"
EndProject
Global
	GlobalSection(SolutionConfigurationPlatforms) = preSolution
		Debug|Any CPU = Debug|Any CPU
		Release|Any CPU = Release|Any CPU
	EndGlobalSection
	GlobalSection(ProjectConfigurationPlatforms) = postSolution
		{845A1A12-68A0-4F04-926B-90A11E174261}.Debug|Any CPU.ActiveCfg = Debug|Any CPU
		{845A1A12-68A0-4F04-926B-90A11E174261}.Debug|Any CPU.Build.0 = Debug|Any CPU
		{845A1A12-68A0-4F04-926B-90A11E174261}.Release|Any CPU.ActiveCfg = Release|Any CPU
		{845A1A12-68A0-4F04-926B-90A11E174261}.Release|Any CPU.Build.0 = Release|Any CPU
	EndGlobalSection
	GlobalSection(SolutionProperties) = preSolution
		HideSolutionNode = FALSE
	EndGlobalSection
	GlobalSection(ExtensibilityGlobals) = postSolution
		SolutionGuid = {D273760D-C89D-499B-803E-8A6E6965FFA6}
	EndGlobalSection
EndGlobal
